
Microsoft Visual Studio Solution File, Format Version 12.00
# Visual Studio Version 16
VisualStudioVersion = 16.0.29926.136
MinimumVisualStudioVersion = 10.0.40219.1
Project("{2150E333-8FDC-42A3-9474-1A3956D46DE8}") = "src", "src", "{AAAB3226-00A8-4562-9F2B-B869B5F5278C}"
EndProject
Project("{9A19103F-16F7-4668-BE54-9A1E7A4F7556}") = "Messages", "Messages\Messages.csproj", "{B01FF4B6-84F6-4799-8308-D689551F3315}"
EndProject
Project("{9A19103F-16F7-4668-BE54-9A1E7A4F7556}") = "Components", "Components\Components.csproj", "{D08923DF-B1F7-43A9-B18F-96ABCA205E93}"
EndProject
Project("{9A19103F-16F7-4668-BE54-9A1E7A4F7556}") = "Components.Unit.Tests", "Components.Unit.Tests\Components.Unit.Tests.csproj", "{818EB24C-1755-4DCC-8C45-65F70D988A35}"
EndProject
Project("{9A19103F-16F7-4668-BE54-9A1E7A4F7556}") = "Components.Integration.Tests", "Components.Integration.Tests\Components.Integration.Tests.csproj", "{90DFD570-D8AB-419A-8BB0-26031BD3EBEE}"
EndProject
Project("{9A19103F-16F7-4668-BE54-9A1E7A4F7556}") = "Web", "Web\Web.csproj", "{341733F7-B071-4B33-B5CB-8BE316DB24B5}"
EndProject
Project("{9A19103F-16F7-4668-BE54-9A1E7A4F7556}") = "Web.Integration.Tests", "Web.Integration.Tests\Web.Integration.Tests.csproj", "{E4891040-6609-43F7-B748-C5D1965BA686}"
EndProject
Project("{9A19103F-16F7-4668-BE54-9A1E7A4F7556}") = "Host", "Host\Host.csproj", "{2DE77949-8A64-4D08-A265-64A34FC89A82}"
EndProject
Project("{9A19103F-16F7-4668-BE54-9A1E7A4F7556}") = "Common", "Common\Common.csproj", "{4E3EF9B3-A697-4C59-93A8-4EA7596CFC5B}"
EndProject
Project("{9A19103F-16F7-4668-BE54-9A1E7A4F7556}") = "Host.CommentPolicy", "Host.CommentPolicy\Host.CommentPolicy.csproj", "{2D19922C-412A-4185-914E-CE44F16132F1}"
EndProject
Project("{F2A71F9B-5D33-465A-A702-920D77279786}") = "Components.Logic", "Components.Logic\Components.Logic.fsproj", "{EC4A7F93-4337-40D5-A0DB-98475B1940E4}"
EndProject
Project("{FAE04EC0-301F-11D3-BF4B-00C04F79EFBC}") = "Components.Logic.CSharp.Integration.Tests", "Components.Logic.CSharp.Integration.Tests\Components.Logic.CSharp.Integration.Tests.csproj", "{84B1C0F1-56D5-4E6D-8F97-75230A4807F0}"
EndProject
Project("{F2A71F9B-5D33-465A-A702-920D77279786}") = "Components.Logic.FSharp.Integration.Tests", "Components.Logic.FSharp.Integration.Tests\Components.Logic.FSharp.Integration.Tests.fsproj", "{E4E63623-EDCC-412A-92C8-DC27D1F8946F}"
EndProject
Project("{2150E333-8FDC-42A3-9474-1A3956D46DE8}") = "common-prev", "common-prev", "{30BC943C-88BA-472F-AA04-FC9EC65D60AE}"
EndProject
Project("{2150E333-8FDC-42A3-9474-1A3956D46DE8}") = "endpoint-prev", "endpoint-prev", "{A453C8BD-B878-4E8D-B311-9D5B75C708CC}"
EndProject
Project("{FAE04EC0-301F-11D3-BF4B-00C04F79EFBC}") = "Bc.Endpoint", "endpoint-prev\Bc.Endpoint\Bc.Endpoint.csproj", "{A1DD6220-9B67-4537-B9B1-23C70A9FAAAC}"
EndProject
Project("{FAE04EC0-301F-11D3-BF4B-00C04F79EFBC}") = "Bc.Contracts.Internals.Endpoint", "endpoint-prev\Bc.Contracts.Internals.Endpoint\Bc.Contracts.Internals.Endpoint.csproj", "{0CD87723-3441-46A2-9649-34EE9A9FDE3D}"
EndProject
Project("{FAE04EC0-301F-11D3-BF4B-00C04F79EFBC}") = "Bc.Contracts.Externals.Endpoint", "endpoint-prev\Bc.Contracts.Externals.Endpoint\Bc.Contracts.Externals.Endpoint.csproj", "{B863D0C6-0F3A-42DB-93BC-DDA905676EFC}"
EndProject
Project("{FAE04EC0-301F-11D3-BF4B-00C04F79EFBC}") = "Bc.Endpoint.Integration.Tests", "endpoint-prev\Bc.Endpoint.Integration.Tests\Bc.Endpoint.Integration.Tests.csproj", "{2561F77F-DD62-4158-9B69-BB36AE596C65}"
EndProject
Project("{FAE04EC0-301F-11D3-BF4B-00C04F79EFBC}") = "Bc.Endpoint.Unit.Tests", "endpoint-prev\Bc.Endpoint.Unit.Tests\Bc.Endpoint.Unit.Tests.csproj", "{ED76A81C-8D5A-48D5-A21A-2FD76A84F36B}"
EndProject
Project("{FAE04EC0-301F-11D3-BF4B-00C04F79EFBC}") = "Bc.Host.AspNet.Endpoint", "endpoint-prev\Bc.Host.AspNet.Endpoint\Bc.Host.AspNet.Endpoint.csproj", "{60F9818F-6C83-448B-B870-0A9CC561D9A4}"
EndProject
Project("{F2A71F9B-5D33-465A-A702-920D77279786}") = "Bc.Logic.Endpoint", "endpoint-prev\Bc.Logic.Endpoint\Bc.Logic.Endpoint.fsproj", "{302EB384-69C4-4DE8-94B4-4C9CEEAF73B4}"
EndProject
Project("{F2A71F9B-5D33-465A-A702-920D77279786}") = "Bc.Logic.Endpoint.Integration.Tests", "endpoint-prev\Bc.Logic.Endpoint.Integration.Tests\Bc.Logic.Endpoint.Integration.Tests.fsproj", "{9CE8BA4E-6521-46E9-9008-8A0B3D8DDE2D}"
EndProject
Project("{F2A71F9B-5D33-465A-A702-920D77279786}") = "Bc.Logic.Endpoint.Unit.Tests", "endpoint-prev\Bc.Logic.Endpoint.Unit.Tests\Bc.Logic.Endpoint.Unit.Tests.fsproj", "{4A96A374-BC69-43D8-BFBC-66FFFF5F9D8C}"
EndProject
Project("{F2A71F9B-5D33-465A-A702-920D77279786}") = "Bc.Common.Logic", "common-prev\Bc.Common.Logic\Bc.Common.Logic.fsproj", "{404152BD-1B1E-44DC-9E31-B9E99707BD74}"
EndProject
Project("{F2A71F9B-5D33-465A-A702-920D77279786}") = "Bc.Common.Logic.Integration.Tests", "common-prev\Bc.Common.Logic.Integration.Tests\Bc.Common.Logic.Integration.Tests.fsproj", "{9D3B7AC7-E2BF-4004-84A8-77DF904A2EA2}"
EndProject
Project("{2150E333-8FDC-42A3-9474-1A3956D46DE8}") = "common", "common", "{DC6144BE-D5A7-4C19-99DB-97E1C25E5FCA}"
EndProject
Project("{2150E333-8FDC-42A3-9474-1A3956D46DE8}") = "endpoint", "endpoint", "{AF431D13-0B53-4E0A-B7C1-3711BC589DC2}"
EndProject
Project("{2150E333-8FDC-42A3-9474-1A3956D46DE8}") = "common-tests", "common-tests", "{2293F309-360D-4B84-BB01-80846BD68515}"
EndProject
Project("{F2A71F9B-5D33-465A-A702-920D77279786}") = "Bc.Contracts.Internals.Endpoint", "endpoint\Bc.Contracts.Internals.Endpoint\Bc.Contracts.Internals.Endpoint.fsproj", "{22255AF2-C254-4CB6-9573-6EE71E5F3E2A}"
EndProject
Project("{FAE04EC0-301F-11D3-BF4B-00C04F79EFBC}") = "Bc.Common.Endpoint", "common\Bc.Common.Endpoint\Bc.Common.Endpoint.csproj", "{4932CFF7-6BFB-49C9-9D2D-E3FE7636C93A}"
EndProject
Project("{FAE04EC0-301F-11D3-BF4B-00C04F79EFBC}") = "Bc.Endpoint", "endpoint\Bc.Endpoint\Bc.Endpoint.csproj", "{11E037D5-0BF0-4EF1-9696-D4753E1F5C4D}"
EndProject
Project("{F2A71F9B-5D33-465A-A702-920D77279786}") = "Bc.Common.Logic", "common\Bc.Common.Logic\Bc.Common.Logic.fsproj", "{C76E81EF-432B-4381-8BD8-F5095BA25051}"
EndProject
Project("{F2A71F9B-5D33-465A-A702-920D77279786}") = "Bc.Logic.Endpoint", "endpoint\Bc.Logic.Endpoint\Bc.Logic.Endpoint.fsproj", "{F7F099CC-8AF3-4464-B2A7-4CE7FD7B4834}"
EndProject
Project("{F2A71F9B-5D33-465A-A702-920D77279786}") = "Bc.Contracts.Externals.Endpoint", "endpoint\Bc.Contracts.Externals.Endpoint\Bc.Contracts.Externals.Endpoint.fsproj", "{E1F8C606-3B33-45C7-A329-57664E54A6C7}"
EndProject
Project("{FAE04EC0-301F-11D3-BF4B-00C04F79EFBC}") = "Bc.Host.AspNet.Endpoint", "endpoint\Bc.Host.AspNet.Endpoint\Bc.Host.AspNet.Endpoint.csproj", "{70E405F2-BF8B-43C5-BE85-4A759D4FEBDD}"
EndProject
Project("{F2A71F9B-5D33-465A-A702-920D77279786}") = "Bc.Common.Logic.Integration.Tests", "common-tests\Bc.Common.Logic.Integration.Tests\Bc.Common.Logic.Integration.Tests.fsproj", "{38B360F7-CB34-4843-8353-0FE65C369E10}"
EndProject
Project("{2150E333-8FDC-42A3-9474-1A3956D46DE8}") = "endpoint-tests", "endpoint-tests", "{F9D3D408-02A4-41DA-AF70-11CDABE15802}"
EndProject
Project("{FAE04EC0-301F-11D3-BF4B-00C04F79EFBC}") = "Bc.Endpoint.Integration.Tests", "endpoint-tests\Bc.Endpoint.Integration.Tests\Bc.Endpoint.Integration.Tests.csproj", "{71580CFD-58D3-449E-8CBA-7BBE06C0B643}"
EndProject
Global
	GlobalSection(SolutionConfigurationPlatforms) = preSolution
		Debug|Any CPU = Debug|Any CPU
		Release|Any CPU = Release|Any CPU
	EndGlobalSection
	GlobalSection(ProjectConfigurationPlatforms) = postSolution
		{B01FF4B6-84F6-4799-8308-D689551F3315}.Debug|Any CPU.ActiveCfg = Debug|Any CPU
		{B01FF4B6-84F6-4799-8308-D689551F3315}.Debug|Any CPU.Build.0 = Debug|Any CPU
		{B01FF4B6-84F6-4799-8308-D689551F3315}.Release|Any CPU.ActiveCfg = Release|Any CPU
		{B01FF4B6-84F6-4799-8308-D689551F3315}.Release|Any CPU.Build.0 = Release|Any CPU
		{D08923DF-B1F7-43A9-B18F-96ABCA205E93}.Debug|Any CPU.ActiveCfg = Debug|Any CPU
		{D08923DF-B1F7-43A9-B18F-96ABCA205E93}.Debug|Any CPU.Build.0 = Debug|Any CPU
		{D08923DF-B1F7-43A9-B18F-96ABCA205E93}.Release|Any CPU.ActiveCfg = Release|Any CPU
		{D08923DF-B1F7-43A9-B18F-96ABCA205E93}.Release|Any CPU.Build.0 = Release|Any CPU
		{818EB24C-1755-4DCC-8C45-65F70D988A35}.Debug|Any CPU.ActiveCfg = Debug|Any CPU
		{818EB24C-1755-4DCC-8C45-65F70D988A35}.Debug|Any CPU.Build.0 = Debug|Any CPU
		{818EB24C-1755-4DCC-8C45-65F70D988A35}.Release|Any CPU.ActiveCfg = Release|Any CPU
		{818EB24C-1755-4DCC-8C45-65F70D988A35}.Release|Any CPU.Build.0 = Release|Any CPU
		{90DFD570-D8AB-419A-8BB0-26031BD3EBEE}.Debug|Any CPU.ActiveCfg = Debug|Any CPU
		{90DFD570-D8AB-419A-8BB0-26031BD3EBEE}.Debug|Any CPU.Build.0 = Debug|Any CPU
		{90DFD570-D8AB-419A-8BB0-26031BD3EBEE}.Release|Any CPU.ActiveCfg = Release|Any CPU
		{90DFD570-D8AB-419A-8BB0-26031BD3EBEE}.Release|Any CPU.Build.0 = Release|Any CPU
		{341733F7-B071-4B33-B5CB-8BE316DB24B5}.Debug|Any CPU.ActiveCfg = Debug|Any CPU
		{341733F7-B071-4B33-B5CB-8BE316DB24B5}.Debug|Any CPU.Build.0 = Debug|Any CPU
		{341733F7-B071-4B33-B5CB-8BE316DB24B5}.Release|Any CPU.ActiveCfg = Release|Any CPU
		{341733F7-B071-4B33-B5CB-8BE316DB24B5}.Release|Any CPU.Build.0 = Release|Any CPU
		{E4891040-6609-43F7-B748-C5D1965BA686}.Debug|Any CPU.ActiveCfg = Debug|Any CPU
		{E4891040-6609-43F7-B748-C5D1965BA686}.Debug|Any CPU.Build.0 = Debug|Any CPU
		{E4891040-6609-43F7-B748-C5D1965BA686}.Release|Any CPU.ActiveCfg = Release|Any CPU
		{E4891040-6609-43F7-B748-C5D1965BA686}.Release|Any CPU.Build.0 = Release|Any CPU
		{2DE77949-8A64-4D08-A265-64A34FC89A82}.Debug|Any CPU.ActiveCfg = Debug|Any CPU
		{2DE77949-8A64-4D08-A265-64A34FC89A82}.Debug|Any CPU.Build.0 = Debug|Any CPU
		{2DE77949-8A64-4D08-A265-64A34FC89A82}.Release|Any CPU.ActiveCfg = Release|Any CPU
		{2DE77949-8A64-4D08-A265-64A34FC89A82}.Release|Any CPU.Build.0 = Release|Any CPU
		{4E3EF9B3-A697-4C59-93A8-4EA7596CFC5B}.Debug|Any CPU.ActiveCfg = Debug|Any CPU
		{4E3EF9B3-A697-4C59-93A8-4EA7596CFC5B}.Debug|Any CPU.Build.0 = Debug|Any CPU
		{4E3EF9B3-A697-4C59-93A8-4EA7596CFC5B}.Release|Any CPU.ActiveCfg = Release|Any CPU
		{4E3EF9B3-A697-4C59-93A8-4EA7596CFC5B}.Release|Any CPU.Build.0 = Release|Any CPU
		{2D19922C-412A-4185-914E-CE44F16132F1}.Debug|Any CPU.ActiveCfg = Debug|Any CPU
		{2D19922C-412A-4185-914E-CE44F16132F1}.Debug|Any CPU.Build.0 = Debug|Any CPU
		{2D19922C-412A-4185-914E-CE44F16132F1}.Release|Any CPU.ActiveCfg = Release|Any CPU
		{2D19922C-412A-4185-914E-CE44F16132F1}.Release|Any CPU.Build.0 = Release|Any CPU
		{EC4A7F93-4337-40D5-A0DB-98475B1940E4}.Debug|Any CPU.ActiveCfg = Debug|Any CPU
		{EC4A7F93-4337-40D5-A0DB-98475B1940E4}.Debug|Any CPU.Build.0 = Debug|Any CPU
		{EC4A7F93-4337-40D5-A0DB-98475B1940E4}.Release|Any CPU.ActiveCfg = Release|Any CPU
		{EC4A7F93-4337-40D5-A0DB-98475B1940E4}.Release|Any CPU.Build.0 = Release|Any CPU
		{84B1C0F1-56D5-4E6D-8F97-75230A4807F0}.Debug|Any CPU.ActiveCfg = Debug|Any CPU
		{84B1C0F1-56D5-4E6D-8F97-75230A4807F0}.Debug|Any CPU.Build.0 = Debug|Any CPU
		{84B1C0F1-56D5-4E6D-8F97-75230A4807F0}.Release|Any CPU.ActiveCfg = Release|Any CPU
		{84B1C0F1-56D5-4E6D-8F97-75230A4807F0}.Release|Any CPU.Build.0 = Release|Any CPU
		{E4E63623-EDCC-412A-92C8-DC27D1F8946F}.Debug|Any CPU.ActiveCfg = Debug|Any CPU
		{E4E63623-EDCC-412A-92C8-DC27D1F8946F}.Debug|Any CPU.Build.0 = Debug|Any CPU
		{E4E63623-EDCC-412A-92C8-DC27D1F8946F}.Release|Any CPU.ActiveCfg = Release|Any CPU
		{E4E63623-EDCC-412A-92C8-DC27D1F8946F}.Release|Any CPU.Build.0 = Release|Any CPU
		{A1DD6220-9B67-4537-B9B1-23C70A9FAAAC}.Debug|Any CPU.ActiveCfg = Debug|Any CPU
		{A1DD6220-9B67-4537-B9B1-23C70A9FAAAC}.Debug|Any CPU.Build.0 = Debug|Any CPU
		{A1DD6220-9B67-4537-B9B1-23C70A9FAAAC}.Release|Any CPU.ActiveCfg = Release|Any CPU
		{A1DD6220-9B67-4537-B9B1-23C70A9FAAAC}.Release|Any CPU.Build.0 = Release|Any CPU
		{0CD87723-3441-46A2-9649-34EE9A9FDE3D}.Debug|Any CPU.ActiveCfg = Debug|Any CPU
		{0CD87723-3441-46A2-9649-34EE9A9FDE3D}.Debug|Any CPU.Build.0 = Debug|Any CPU
		{0CD87723-3441-46A2-9649-34EE9A9FDE3D}.Release|Any CPU.ActiveCfg = Release|Any CPU
		{0CD87723-3441-46A2-9649-34EE9A9FDE3D}.Release|Any CPU.Build.0 = Release|Any CPU
		{B863D0C6-0F3A-42DB-93BC-DDA905676EFC}.Debug|Any CPU.ActiveCfg = Debug|Any CPU
		{B863D0C6-0F3A-42DB-93BC-DDA905676EFC}.Debug|Any CPU.Build.0 = Debug|Any CPU
		{B863D0C6-0F3A-42DB-93BC-DDA905676EFC}.Release|Any CPU.ActiveCfg = Release|Any CPU
		{B863D0C6-0F3A-42DB-93BC-DDA905676EFC}.Release|Any CPU.Build.0 = Release|Any CPU
		{2561F77F-DD62-4158-9B69-BB36AE596C65}.Debug|Any CPU.ActiveCfg = Debug|Any CPU
		{2561F77F-DD62-4158-9B69-BB36AE596C65}.Debug|Any CPU.Build.0 = Debug|Any CPU
		{2561F77F-DD62-4158-9B69-BB36AE596C65}.Release|Any CPU.ActiveCfg = Release|Any CPU
		{2561F77F-DD62-4158-9B69-BB36AE596C65}.Release|Any CPU.Build.0 = Release|Any CPU
		{ED76A81C-8D5A-48D5-A21A-2FD76A84F36B}.Debug|Any CPU.ActiveCfg = Debug|Any CPU
		{ED76A81C-8D5A-48D5-A21A-2FD76A84F36B}.Debug|Any CPU.Build.0 = Debug|Any CPU
		{ED76A81C-8D5A-48D5-A21A-2FD76A84F36B}.Release|Any CPU.ActiveCfg = Release|Any CPU
		{ED76A81C-8D5A-48D5-A21A-2FD76A84F36B}.Release|Any CPU.Build.0 = Release|Any CPU
		{60F9818F-6C83-448B-B870-0A9CC561D9A4}.Debug|Any CPU.ActiveCfg = Debug|Any CPU
		{60F9818F-6C83-448B-B870-0A9CC561D9A4}.Debug|Any CPU.Build.0 = Debug|Any CPU
		{60F9818F-6C83-448B-B870-0A9CC561D9A4}.Release|Any CPU.ActiveCfg = Release|Any CPU
		{60F9818F-6C83-448B-B870-0A9CC561D9A4}.Release|Any CPU.Build.0 = Release|Any CPU
		{302EB384-69C4-4DE8-94B4-4C9CEEAF73B4}.Debug|Any CPU.ActiveCfg = Debug|Any CPU
		{302EB384-69C4-4DE8-94B4-4C9CEEAF73B4}.Debug|Any CPU.Build.0 = Debug|Any CPU
		{302EB384-69C4-4DE8-94B4-4C9CEEAF73B4}.Release|Any CPU.ActiveCfg = Release|Any CPU
		{302EB384-69C4-4DE8-94B4-4C9CEEAF73B4}.Release|Any CPU.Build.0 = Release|Any CPU
		{9CE8BA4E-6521-46E9-9008-8A0B3D8DDE2D}.Debug|Any CPU.ActiveCfg = Debug|Any CPU
		{9CE8BA4E-6521-46E9-9008-8A0B3D8DDE2D}.Debug|Any CPU.Build.0 = Debug|Any CPU
		{9CE8BA4E-6521-46E9-9008-8A0B3D8DDE2D}.Release|Any CPU.ActiveCfg = Release|Any CPU
		{9CE8BA4E-6521-46E9-9008-8A0B3D8DDE2D}.Release|Any CPU.Build.0 = Release|Any CPU
		{4A96A374-BC69-43D8-BFBC-66FFFF5F9D8C}.Debug|Any CPU.ActiveCfg = Debug|Any CPU
		{4A96A374-BC69-43D8-BFBC-66FFFF5F9D8C}.Debug|Any CPU.Build.0 = Debug|Any CPU
		{4A96A374-BC69-43D8-BFBC-66FFFF5F9D8C}.Release|Any CPU.ActiveCfg = Release|Any CPU
		{4A96A374-BC69-43D8-BFBC-66FFFF5F9D8C}.Release|Any CPU.Build.0 = Release|Any CPU
		{404152BD-1B1E-44DC-9E31-B9E99707BD74}.Debug|Any CPU.ActiveCfg = Debug|Any CPU
		{404152BD-1B1E-44DC-9E31-B9E99707BD74}.Debug|Any CPU.Build.0 = Debug|Any CPU
		{404152BD-1B1E-44DC-9E31-B9E99707BD74}.Release|Any CPU.ActiveCfg = Release|Any CPU
		{404152BD-1B1E-44DC-9E31-B9E99707BD74}.Release|Any CPU.Build.0 = Release|Any CPU
		{9D3B7AC7-E2BF-4004-84A8-77DF904A2EA2}.Debug|Any CPU.ActiveCfg = Debug|Any CPU
		{9D3B7AC7-E2BF-4004-84A8-77DF904A2EA2}.Debug|Any CPU.Build.0 = Debug|Any CPU
		{9D3B7AC7-E2BF-4004-84A8-77DF904A2EA2}.Release|Any CPU.ActiveCfg = Release|Any CPU
		{9D3B7AC7-E2BF-4004-84A8-77DF904A2EA2}.Release|Any CPU.Build.0 = Release|Any CPU
		{22255AF2-C254-4CB6-9573-6EE71E5F3E2A}.Debug|Any CPU.ActiveCfg = Debug|Any CPU
		{22255AF2-C254-4CB6-9573-6EE71E5F3E2A}.Debug|Any CPU.Build.0 = Debug|Any CPU
		{22255AF2-C254-4CB6-9573-6EE71E5F3E2A}.Release|Any CPU.ActiveCfg = Release|Any CPU
		{22255AF2-C254-4CB6-9573-6EE71E5F3E2A}.Release|Any CPU.Build.0 = Release|Any CPU
		{4932CFF7-6BFB-49C9-9D2D-E3FE7636C93A}.Debug|Any CPU.ActiveCfg = Debug|Any CPU
		{4932CFF7-6BFB-49C9-9D2D-E3FE7636C93A}.Debug|Any CPU.Build.0 = Debug|Any CPU
		{4932CFF7-6BFB-49C9-9D2D-E3FE7636C93A}.Release|Any CPU.ActiveCfg = Release|Any CPU
		{4932CFF7-6BFB-49C9-9D2D-E3FE7636C93A}.Release|Any CPU.Build.0 = Release|Any CPU
		{11E037D5-0BF0-4EF1-9696-D4753E1F5C4D}.Debug|Any CPU.ActiveCfg = Debug|Any CPU
		{11E037D5-0BF0-4EF1-9696-D4753E1F5C4D}.Debug|Any CPU.Build.0 = Debug|Any CPU
		{11E037D5-0BF0-4EF1-9696-D4753E1F5C4D}.Release|Any CPU.ActiveCfg = Release|Any CPU
		{11E037D5-0BF0-4EF1-9696-D4753E1F5C4D}.Release|Any CPU.Build.0 = Release|Any CPU
		{C76E81EF-432B-4381-8BD8-F5095BA25051}.Debug|Any CPU.ActiveCfg = Debug|Any CPU
		{C76E81EF-432B-4381-8BD8-F5095BA25051}.Debug|Any CPU.Build.0 = Debug|Any CPU
		{C76E81EF-432B-4381-8BD8-F5095BA25051}.Release|Any CPU.ActiveCfg = Release|Any CPU
		{C76E81EF-432B-4381-8BD8-F5095BA25051}.Release|Any CPU.Build.0 = Release|Any CPU
		{F7F099CC-8AF3-4464-B2A7-4CE7FD7B4834}.Debug|Any CPU.ActiveCfg = Debug|Any CPU
		{F7F099CC-8AF3-4464-B2A7-4CE7FD7B4834}.Debug|Any CPU.Build.0 = Debug|Any CPU
		{F7F099CC-8AF3-4464-B2A7-4CE7FD7B4834}.Release|Any CPU.ActiveCfg = Release|Any CPU
		{F7F099CC-8AF3-4464-B2A7-4CE7FD7B4834}.Release|Any CPU.Build.0 = Release|Any CPU
		{E1F8C606-3B33-45C7-A329-57664E54A6C7}.Debug|Any CPU.ActiveCfg = Debug|Any CPU
		{E1F8C606-3B33-45C7-A329-57664E54A6C7}.Debug|Any CPU.Build.0 = Debug|Any CPU
		{E1F8C606-3B33-45C7-A329-57664E54A6C7}.Release|Any CPU.ActiveCfg = Release|Any CPU
		{E1F8C606-3B33-45C7-A329-57664E54A6C7}.Release|Any CPU.Build.0 = Release|Any CPU
		{70E405F2-BF8B-43C5-BE85-4A759D4FEBDD}.Debug|Any CPU.ActiveCfg = Debug|Any CPU
		{70E405F2-BF8B-43C5-BE85-4A759D4FEBDD}.Debug|Any CPU.Build.0 = Debug|Any CPU
		{70E405F2-BF8B-43C5-BE85-4A759D4FEBDD}.Release|Any CPU.ActiveCfg = Release|Any CPU
		{70E405F2-BF8B-43C5-BE85-4A759D4FEBDD}.Release|Any CPU.Build.0 = Release|Any CPU
		{38B360F7-CB34-4843-8353-0FE65C369E10}.Debug|Any CPU.ActiveCfg = Debug|Any CPU
		{38B360F7-CB34-4843-8353-0FE65C369E10}.Debug|Any CPU.Build.0 = Debug|Any CPU
		{38B360F7-CB34-4843-8353-0FE65C369E10}.Release|Any CPU.ActiveCfg = Release|Any CPU
		{38B360F7-CB34-4843-8353-0FE65C369E10}.Release|Any CPU.Build.0 = Release|Any CPU
		{71580CFD-58D3-449E-8CBA-7BBE06C0B643}.Debug|Any CPU.ActiveCfg = Debug|Any CPU
		{71580CFD-58D3-449E-8CBA-7BBE06C0B643}.Debug|Any CPU.Build.0 = Debug|Any CPU
		{71580CFD-58D3-449E-8CBA-7BBE06C0B643}.Release|Any CPU.ActiveCfg = Release|Any CPU
		{71580CFD-58D3-449E-8CBA-7BBE06C0B643}.Release|Any CPU.Build.0 = Release|Any CPU
	EndGlobalSection
	GlobalSection(SolutionProperties) = preSolution
		HideSolutionNode = FALSE
	EndGlobalSection
	GlobalSection(NestedProjects) = preSolution
		{B01FF4B6-84F6-4799-8308-D689551F3315} = {AAAB3226-00A8-4562-9F2B-B869B5F5278C}
		{D08923DF-B1F7-43A9-B18F-96ABCA205E93} = {AAAB3226-00A8-4562-9F2B-B869B5F5278C}
		{818EB24C-1755-4DCC-8C45-65F70D988A35} = {AAAB3226-00A8-4562-9F2B-B869B5F5278C}
		{90DFD570-D8AB-419A-8BB0-26031BD3EBEE} = {AAAB3226-00A8-4562-9F2B-B869B5F5278C}
		{341733F7-B071-4B33-B5CB-8BE316DB24B5} = {AAAB3226-00A8-4562-9F2B-B869B5F5278C}
		{E4891040-6609-43F7-B748-C5D1965BA686} = {AAAB3226-00A8-4562-9F2B-B869B5F5278C}
		{2DE77949-8A64-4D08-A265-64A34FC89A82} = {AAAB3226-00A8-4562-9F2B-B869B5F5278C}
		{4E3EF9B3-A697-4C59-93A8-4EA7596CFC5B} = {AAAB3226-00A8-4562-9F2B-B869B5F5278C}
		{2D19922C-412A-4185-914E-CE44F16132F1} = {AAAB3226-00A8-4562-9F2B-B869B5F5278C}
		{EC4A7F93-4337-40D5-A0DB-98475B1940E4} = {AAAB3226-00A8-4562-9F2B-B869B5F5278C}
		{84B1C0F1-56D5-4E6D-8F97-75230A4807F0} = {AAAB3226-00A8-4562-9F2B-B869B5F5278C}
		{E4E63623-EDCC-412A-92C8-DC27D1F8946F} = {AAAB3226-00A8-4562-9F2B-B869B5F5278C}
		{30BC943C-88BA-472F-AA04-FC9EC65D60AE} = {AAAB3226-00A8-4562-9F2B-B869B5F5278C}
		{A453C8BD-B878-4E8D-B311-9D5B75C708CC} = {AAAB3226-00A8-4562-9F2B-B869B5F5278C}
		{A1DD6220-9B67-4537-B9B1-23C70A9FAAAC} = {A453C8BD-B878-4E8D-B311-9D5B75C708CC}
		{0CD87723-3441-46A2-9649-34EE9A9FDE3D} = {A453C8BD-B878-4E8D-B311-9D5B75C708CC}
		{B863D0C6-0F3A-42DB-93BC-DDA905676EFC} = {A453C8BD-B878-4E8D-B311-9D5B75C708CC}
		{2561F77F-DD62-4158-9B69-BB36AE596C65} = {A453C8BD-B878-4E8D-B311-9D5B75C708CC}
		{ED76A81C-8D5A-48D5-A21A-2FD76A84F36B} = {A453C8BD-B878-4E8D-B311-9D5B75C708CC}
		{60F9818F-6C83-448B-B870-0A9CC561D9A4} = {A453C8BD-B878-4E8D-B311-9D5B75C708CC}
		{302EB384-69C4-4DE8-94B4-4C9CEEAF73B4} = {A453C8BD-B878-4E8D-B311-9D5B75C708CC}
		{9CE8BA4E-6521-46E9-9008-8A0B3D8DDE2D} = {A453C8BD-B878-4E8D-B311-9D5B75C708CC}
		{4A96A374-BC69-43D8-BFBC-66FFFF5F9D8C} = {A453C8BD-B878-4E8D-B311-9D5B75C708CC}
		{404152BD-1B1E-44DC-9E31-B9E99707BD74} = {30BC943C-88BA-472F-AA04-FC9EC65D60AE}
		{9D3B7AC7-E2BF-4004-84A8-77DF904A2EA2} = {30BC943C-88BA-472F-AA04-FC9EC65D60AE}
		{DC6144BE-D5A7-4C19-99DB-97E1C25E5FCA} = {AAAB3226-00A8-4562-9F2B-B869B5F5278C}
		{AF431D13-0B53-4E0A-B7C1-3711BC589DC2} = {AAAB3226-00A8-4562-9F2B-B869B5F5278C}
		{2293F309-360D-4B84-BB01-80846BD68515} = {AAAB3226-00A8-4562-9F2B-B869B5F5278C}
		{22255AF2-C254-4CB6-9573-6EE71E5F3E2A} = {AF431D13-0B53-4E0A-B7C1-3711BC589DC2}
		{4932CFF7-6BFB-49C9-9D2D-E3FE7636C93A} = {DC6144BE-D5A7-4C19-99DB-97E1C25E5FCA}
		{11E037D5-0BF0-4EF1-9696-D4753E1F5C4D} = {AF431D13-0B53-4E0A-B7C1-3711BC589DC2}
		{C76E81EF-432B-4381-8BD8-F5095BA25051} = {DC6144BE-D5A7-4C19-99DB-97E1C25E5FCA}
		{F7F099CC-8AF3-4464-B2A7-4CE7FD7B4834} = {AF431D13-0B53-4E0A-B7C1-3711BC589DC2}
		{E1F8C606-3B33-45C7-A329-57664E54A6C7} = {AF431D13-0B53-4E0A-B7C1-3711BC589DC2}
		{70E405F2-BF8B-43C5-BE85-4A759D4FEBDD} = {AF431D13-0B53-4E0A-B7C1-3711BC589DC2}
		{38B360F7-CB34-4843-8353-0FE65C369E10} = {2293F309-360D-4B84-BB01-80846BD68515}
		{F9D3D408-02A4-41DA-AF70-11CDABE15802} = {AAAB3226-00A8-4562-9F2B-B869B5F5278C}
		{71580CFD-58D3-449E-8CBA-7BBE06C0B643} = {F9D3D408-02A4-41DA-AF70-11CDABE15802}
	EndGlobalSection
	GlobalSection(ExtensibilityGlobals) = postSolution
		SolutionGuid = {C2835510-D0A3-41E6-80C2-CF53D40C56B7}
	EndGlobalSection
EndGlobal
