
Microsoft Visual Studio Solution File, Format Version 12.00
# Visual Studio 15
VisualStudioVersion = 15.0.26430.14
MinimumVisualStudioVersion = 10.0.40219.1
Project("{2150E333-8FDC-42A3-9474-1A3956D46DE8}") = "src", "src", "{AAAB3226-00A8-4562-9F2B-B869B5F5278C}"
	ProjectSection(SolutionItems) = preProject
		SharedAssemblyInfo.cs = SharedAssemblyInfo.cs
	EndProjectSection
EndProject
Project("{2150E333-8FDC-42A3-9474-1A3956D46DE8}") = "tests", "tests", "{C0B2AA79-4103-42D9-9866-ADBD00BE20AA}"
EndProject
Project("{FAE04EC0-301F-11D3-BF4B-00C04F79EFBC}") = "Messages", "src\Messages\Messages.csproj", "{2D2C20A5-2C6F-4FA0-A8F4-A2E452361F94}"
EndProject
Project("{FAE04EC0-301F-11D3-BF4B-00C04F79EFBC}") = "Components", "src\Components\Components.csproj", "{98B5D703-030C-497E-BA03-42B9D7373C63}"
EndProject
Project("{FAE04EC0-301F-11D3-BF4B-00C04F79EFBC}") = "Web", "src\Web\Web.csproj", "{92259989-DBF5-433C-A277-5E9D8D266C07}"
EndProject
Project("{2150E333-8FDC-42A3-9474-1A3956D46DE8}") = "integration", "integration", "{9935FBAF-249C-41F6-B75F-777086159AA7}"
EndProject
Project("{2150E333-8FDC-42A3-9474-1A3956D46DE8}") = "unit", "unit", "{9D0B464F-7510-42F1-B4A9-E66DA495147B}"
EndProject
Project("{FAE04EC0-301F-11D3-BF4B-00C04F79EFBC}") = "Web.Integration.Tests", "tests\integration\Web.Integration.Tests\Web.Integration.Tests.csproj", "{F4F2CD8F-6F86-41C1-8028-4A1000E276F1}"
EndProject
Global
	GlobalSection(SolutionConfigurationPlatforms) = preSolution
		Debug|Any CPU = Debug|Any CPU
		Release|Any CPU = Release|Any CPU
	EndGlobalSection
	GlobalSection(ProjectConfigurationPlatforms) = postSolution
		{2D2C20A5-2C6F-4FA0-A8F4-A2E452361F94}.Debug|Any CPU.ActiveCfg = Debug|Any CPU
		{2D2C20A5-2C6F-4FA0-A8F4-A2E452361F94}.Debug|Any CPU.Build.0 = Debug|Any CPU
		{2D2C20A5-2C6F-4FA0-A8F4-A2E452361F94}.Release|Any CPU.ActiveCfg = Release|Any CPU
		{2D2C20A5-2C6F-4FA0-A8F4-A2E452361F94}.Release|Any CPU.Build.0 = Release|Any CPU
		{98B5D703-030C-497E-BA03-42B9D7373C63}.Debug|Any CPU.ActiveCfg = Debug|Any CPU
		{98B5D703-030C-497E-BA03-42B9D7373C63}.Debug|Any CPU.Build.0 = Debug|Any CPU
		{98B5D703-030C-497E-BA03-42B9D7373C63}.Release|Any CPU.ActiveCfg = Release|Any CPU
		{98B5D703-030C-497E-BA03-42B9D7373C63}.Release|Any CPU.Build.0 = Release|Any CPU
		{92259989-DBF5-433C-A277-5E9D8D266C07}.Debug|Any CPU.ActiveCfg = Debug|Any CPU
		{92259989-DBF5-433C-A277-5E9D8D266C07}.Debug|Any CPU.Build.0 = Debug|Any CPU
		{92259989-DBF5-433C-A277-5E9D8D266C07}.Release|Any CPU.ActiveCfg = Release|Any CPU
		{92259989-DBF5-433C-A277-5E9D8D266C07}.Release|Any CPU.Build.0 = Release|Any CPU
		{F4F2CD8F-6F86-41C1-8028-4A1000E276F1}.Debug|Any CPU.ActiveCfg = Debug|Any CPU
		{F4F2CD8F-6F86-41C1-8028-4A1000E276F1}.Debug|Any CPU.Build.0 = Debug|Any CPU
		{F4F2CD8F-6F86-41C1-8028-4A1000E276F1}.Release|Any CPU.ActiveCfg = Release|Any CPU
		{F4F2CD8F-6F86-41C1-8028-4A1000E276F1}.Release|Any CPU.Build.0 = Release|Any CPU
	EndGlobalSection
	GlobalSection(SolutionProperties) = preSolution
		HideSolutionNode = FALSE
	EndGlobalSection
	GlobalSection(NestedProjects) = preSolution
		{2D2C20A5-2C6F-4FA0-A8F4-A2E452361F94} = {AAAB3226-00A8-4562-9F2B-B869B5F5278C}
		{98B5D703-030C-497E-BA03-42B9D7373C63} = {AAAB3226-00A8-4562-9F2B-B869B5F5278C}
		{92259989-DBF5-433C-A277-5E9D8D266C07} = {AAAB3226-00A8-4562-9F2B-B869B5F5278C}
		{9935FBAF-249C-41F6-B75F-777086159AA7} = {C0B2AA79-4103-42D9-9866-ADBD00BE20AA}
		{9D0B464F-7510-42F1-B4A9-E66DA495147B} = {C0B2AA79-4103-42D9-9866-ADBD00BE20AA}
		{F4F2CD8F-6F86-41C1-8028-4A1000E276F1} = {9935FBAF-249C-41F6-B75F-777086159AA7}
	EndGlobalSection
EndGlobal
