
Microsoft Visual Studio Solution File, Format Version 12.00
# Visual Studio Version 16
VisualStudioVersion = 16.6.30114.105
MinimumVisualStudioVersion = 10.0.40219.1
Project("{2150E333-8FDC-42A3-9474-1A3956D46DE8}") = "common", "common", "{02AFB1D0-A4FF-4011-9B92-4C671A21349C}"
EndProject
Project("{F2A71F9B-5D33-465A-A702-920D77279786}") = "Bc.Common.Endpoint", "common\Bc.Common.Endpoint\Bc.Common.Endpoint.fsproj", "{A68C0FE1-2B76-4F64-B7EB-1AD064860666}"
EndProject
Project("{F2A71F9B-5D33-465A-A702-920D77279786}") = "Bc.Common.Logic", "common\Bc.Common.Logic\Bc.Common.Logic.fsproj", "{5C640C0F-7269-4EAA-A4DD-102F6003A4A9}"
EndProject
Project("{2150E333-8FDC-42A3-9474-1A3956D46DE8}") = "endpoint", "endpoint", "{C8BCD27F-7FB5-4488-A616-F03F58B9BAB2}"
EndProject
Project("{F2A71F9B-5D33-465A-A702-920D77279786}") = "Bc.Contracts.Externals.Endpoint", "endpoint\Bc.Contracts.Externals.Endpoint\Bc.Contracts.Externals.Endpoint.fsproj", "{09CBD317-428D-4F86-A08C-191E26F8FF6A}"
EndProject
Project("{F2A71F9B-5D33-465A-A702-920D77279786}") = "Bc.Contracts.Internals.Endpoint", "endpoint\Bc.Contracts.Internals.Endpoint\Bc.Contracts.Internals.Endpoint.fsproj", "{D3B2C843-05D6-42DF-8096-D91F643DCDFD}"
EndProject
Project("{F2A71F9B-5D33-465A-A702-920D77279786}") = "Bc.Endpoint", "endpoint\Bc.Endpoint\Bc.Endpoint.fsproj", "{A0479C8D-FF40-4BC0-9414-0A99CDAE057D}"
EndProject
Project("{F2A71F9B-5D33-465A-A702-920D77279786}") = "Bc.Host.AspNet.Endpoint", "endpoint\Bc.Host.AspNet.Endpoint\Bc.Host.AspNet.Endpoint.fsproj", "{936C0BAD-1EED-4969-9ED8-5137C035DA02}"
EndProject
Project("{2150E333-8FDC-42A3-9474-1A3956D46DE8}") = "tests", "tests", "{DA8108D4-1AFD-4C65-96B2-4745B44A432F}"
EndProject
Project("{2150E333-8FDC-42A3-9474-1A3956D46DE8}") = "integration", "integration", "{6B0BB9D1-BDF1-402F-A3DC-0C69F72BB83D}"
EndProject
Project("{F2A71F9B-5D33-465A-A702-920D77279786}") = "Bc.Common.Logic.Integration.Tests", "tests\integration\Bc.Common.Logic.Integration.Tests\Bc.Common.Logic.Integration.Tests.fsproj", "{5408E900-AA8A-4CFD-9789-E14A2B704EEA}"
EndProject
Project("{F2A71F9B-5D33-465A-A702-920D77279786}") = "Bc.Endpoint.Integration.Tests", "tests\integration\Bc.Endpoint.Integration.Tests\Bc.Endpoint.Integration.Tests.fsproj", "{2BD85B50-5B35-418D-BEB7-446AEDA139CE}"
EndProject
Project("{2150E333-8FDC-42A3-9474-1A3956D46DE8}") = "unit", "unit", "{7C895446-603F-4897-A490-6C6094BA17FD}"
EndProject
Project("{F2A71F9B-5D33-465A-A702-920D77279786}") = "Bc.Endpoint.Tests", "tests\unit\Bc.Endpoint.Tests\Bc.Endpoint.Tests.fsproj", "{9A4CF24D-A7E7-47FF-8B6F-6BD25C35A4A6}"
EndProject
Project("{2150E333-8FDC-42A3-9474-1A3956D46DE8}") = "web", "web", "{21FA240E-F2B1-4D44-8349-67257DADC068}"
EndProject
Project("{F2A71F9B-5D33-465A-A702-920D77279786}") = "Bc.Web", "web\Bc.Web\Bc.Web.fsproj", "{CAC868F2-4F1C-4C3A-BD2D-2AAAD8BC0F26}"
EndProject
Global
	GlobalSection(SolutionConfigurationPlatforms) = preSolution
		Debug|Any CPU = Debug|Any CPU
		Debug|x64 = Debug|x64
		Debug|x86 = Debug|x86
		Release|Any CPU = Release|Any CPU
		Release|x64 = Release|x64
		Release|x86 = Release|x86
	EndGlobalSection
	GlobalSection(SolutionProperties) = preSolution
		HideSolutionNode = FALSE
	EndGlobalSection
	GlobalSection(ProjectConfigurationPlatforms) = postSolution
		{A68C0FE1-2B76-4F64-B7EB-1AD064860666}.Debug|Any CPU.ActiveCfg = Debug|Any CPU
		{A68C0FE1-2B76-4F64-B7EB-1AD064860666}.Debug|Any CPU.Build.0 = Debug|Any CPU
		{A68C0FE1-2B76-4F64-B7EB-1AD064860666}.Debug|x64.ActiveCfg = Debug|Any CPU
		{A68C0FE1-2B76-4F64-B7EB-1AD064860666}.Debug|x64.Build.0 = Debug|Any CPU
		{A68C0FE1-2B76-4F64-B7EB-1AD064860666}.Debug|x86.ActiveCfg = Debug|Any CPU
		{A68C0FE1-2B76-4F64-B7EB-1AD064860666}.Debug|x86.Build.0 = Debug|Any CPU
		{A68C0FE1-2B76-4F64-B7EB-1AD064860666}.Release|Any CPU.ActiveCfg = Release|Any CPU
		{A68C0FE1-2B76-4F64-B7EB-1AD064860666}.Release|Any CPU.Build.0 = Release|Any CPU
		{A68C0FE1-2B76-4F64-B7EB-1AD064860666}.Release|x64.ActiveCfg = Release|Any CPU
		{A68C0FE1-2B76-4F64-B7EB-1AD064860666}.Release|x64.Build.0 = Release|Any CPU
		{A68C0FE1-2B76-4F64-B7EB-1AD064860666}.Release|x86.ActiveCfg = Release|Any CPU
		{A68C0FE1-2B76-4F64-B7EB-1AD064860666}.Release|x86.Build.0 = Release|Any CPU
		{5C640C0F-7269-4EAA-A4DD-102F6003A4A9}.Debug|Any CPU.ActiveCfg = Debug|Any CPU
		{5C640C0F-7269-4EAA-A4DD-102F6003A4A9}.Debug|Any CPU.Build.0 = Debug|Any CPU
		{5C640C0F-7269-4EAA-A4DD-102F6003A4A9}.Debug|x64.ActiveCfg = Debug|Any CPU
		{5C640C0F-7269-4EAA-A4DD-102F6003A4A9}.Debug|x64.Build.0 = Debug|Any CPU
		{5C640C0F-7269-4EAA-A4DD-102F6003A4A9}.Debug|x86.ActiveCfg = Debug|Any CPU
		{5C640C0F-7269-4EAA-A4DD-102F6003A4A9}.Debug|x86.Build.0 = Debug|Any CPU
		{5C640C0F-7269-4EAA-A4DD-102F6003A4A9}.Release|Any CPU.ActiveCfg = Release|Any CPU
		{5C640C0F-7269-4EAA-A4DD-102F6003A4A9}.Release|Any CPU.Build.0 = Release|Any CPU
		{5C640C0F-7269-4EAA-A4DD-102F6003A4A9}.Release|x64.ActiveCfg = Release|Any CPU
		{5C640C0F-7269-4EAA-A4DD-102F6003A4A9}.Release|x64.Build.0 = Release|Any CPU
		{5C640C0F-7269-4EAA-A4DD-102F6003A4A9}.Release|x86.ActiveCfg = Release|Any CPU
		{5C640C0F-7269-4EAA-A4DD-102F6003A4A9}.Release|x86.Build.0 = Release|Any CPU
		{09CBD317-428D-4F86-A08C-191E26F8FF6A}.Debug|Any CPU.ActiveCfg = Debug|Any CPU
		{09CBD317-428D-4F86-A08C-191E26F8FF6A}.Debug|Any CPU.Build.0 = Debug|Any CPU
		{09CBD317-428D-4F86-A08C-191E26F8FF6A}.Debug|x64.ActiveCfg = Debug|Any CPU
		{09CBD317-428D-4F86-A08C-191E26F8FF6A}.Debug|x64.Build.0 = Debug|Any CPU
		{09CBD317-428D-4F86-A08C-191E26F8FF6A}.Debug|x86.ActiveCfg = Debug|Any CPU
		{09CBD317-428D-4F86-A08C-191E26F8FF6A}.Debug|x86.Build.0 = Debug|Any CPU
		{09CBD317-428D-4F86-A08C-191E26F8FF6A}.Release|Any CPU.ActiveCfg = Release|Any CPU
		{09CBD317-428D-4F86-A08C-191E26F8FF6A}.Release|Any CPU.Build.0 = Release|Any CPU
		{09CBD317-428D-4F86-A08C-191E26F8FF6A}.Release|x64.ActiveCfg = Release|Any CPU
		{09CBD317-428D-4F86-A08C-191E26F8FF6A}.Release|x64.Build.0 = Release|Any CPU
		{09CBD317-428D-4F86-A08C-191E26F8FF6A}.Release|x86.ActiveCfg = Release|Any CPU
		{09CBD317-428D-4F86-A08C-191E26F8FF6A}.Release|x86.Build.0 = Release|Any CPU
		{D3B2C843-05D6-42DF-8096-D91F643DCDFD}.Debug|Any CPU.ActiveCfg = Debug|Any CPU
		{D3B2C843-05D6-42DF-8096-D91F643DCDFD}.Debug|Any CPU.Build.0 = Debug|Any CPU
		{D3B2C843-05D6-42DF-8096-D91F643DCDFD}.Debug|x64.ActiveCfg = Debug|Any CPU
		{D3B2C843-05D6-42DF-8096-D91F643DCDFD}.Debug|x64.Build.0 = Debug|Any CPU
		{D3B2C843-05D6-42DF-8096-D91F643DCDFD}.Debug|x86.ActiveCfg = Debug|Any CPU
		{D3B2C843-05D6-42DF-8096-D91F643DCDFD}.Debug|x86.Build.0 = Debug|Any CPU
		{D3B2C843-05D6-42DF-8096-D91F643DCDFD}.Release|Any CPU.ActiveCfg = Release|Any CPU
		{D3B2C843-05D6-42DF-8096-D91F643DCDFD}.Release|Any CPU.Build.0 = Release|Any CPU
		{D3B2C843-05D6-42DF-8096-D91F643DCDFD}.Release|x64.ActiveCfg = Release|Any CPU
		{D3B2C843-05D6-42DF-8096-D91F643DCDFD}.Release|x64.Build.0 = Release|Any CPU
		{D3B2C843-05D6-42DF-8096-D91F643DCDFD}.Release|x86.ActiveCfg = Release|Any CPU
		{D3B2C843-05D6-42DF-8096-D91F643DCDFD}.Release|x86.Build.0 = Release|Any CPU
		{A0479C8D-FF40-4BC0-9414-0A99CDAE057D}.Debug|Any CPU.ActiveCfg = Debug|Any CPU
		{A0479C8D-FF40-4BC0-9414-0A99CDAE057D}.Debug|Any CPU.Build.0 = Debug|Any CPU
		{A0479C8D-FF40-4BC0-9414-0A99CDAE057D}.Debug|x64.ActiveCfg = Debug|Any CPU
		{A0479C8D-FF40-4BC0-9414-0A99CDAE057D}.Debug|x64.Build.0 = Debug|Any CPU
		{A0479C8D-FF40-4BC0-9414-0A99CDAE057D}.Debug|x86.ActiveCfg = Debug|Any CPU
		{A0479C8D-FF40-4BC0-9414-0A99CDAE057D}.Debug|x86.Build.0 = Debug|Any CPU
		{A0479C8D-FF40-4BC0-9414-0A99CDAE057D}.Release|Any CPU.ActiveCfg = Release|Any CPU
		{A0479C8D-FF40-4BC0-9414-0A99CDAE057D}.Release|Any CPU.Build.0 = Release|Any CPU
		{A0479C8D-FF40-4BC0-9414-0A99CDAE057D}.Release|x64.ActiveCfg = Release|Any CPU
		{A0479C8D-FF40-4BC0-9414-0A99CDAE057D}.Release|x64.Build.0 = Release|Any CPU
		{A0479C8D-FF40-4BC0-9414-0A99CDAE057D}.Release|x86.ActiveCfg = Release|Any CPU
		{A0479C8D-FF40-4BC0-9414-0A99CDAE057D}.Release|x86.Build.0 = Release|Any CPU
		{936C0BAD-1EED-4969-9ED8-5137C035DA02}.Debug|Any CPU.ActiveCfg = Debug|Any CPU
		{936C0BAD-1EED-4969-9ED8-5137C035DA02}.Debug|Any CPU.Build.0 = Debug|Any CPU
		{936C0BAD-1EED-4969-9ED8-5137C035DA02}.Debug|x64.ActiveCfg = Debug|Any CPU
		{936C0BAD-1EED-4969-9ED8-5137C035DA02}.Debug|x64.Build.0 = Debug|Any CPU
		{936C0BAD-1EED-4969-9ED8-5137C035DA02}.Debug|x86.ActiveCfg = Debug|Any CPU
		{936C0BAD-1EED-4969-9ED8-5137C035DA02}.Debug|x86.Build.0 = Debug|Any CPU
		{936C0BAD-1EED-4969-9ED8-5137C035DA02}.Release|Any CPU.ActiveCfg = Release|Any CPU
		{936C0BAD-1EED-4969-9ED8-5137C035DA02}.Release|Any CPU.Build.0 = Release|Any CPU
		{936C0BAD-1EED-4969-9ED8-5137C035DA02}.Release|x64.ActiveCfg = Release|Any CPU
		{936C0BAD-1EED-4969-9ED8-5137C035DA02}.Release|x64.Build.0 = Release|Any CPU
		{936C0BAD-1EED-4969-9ED8-5137C035DA02}.Release|x86.ActiveCfg = Release|Any CPU
		{936C0BAD-1EED-4969-9ED8-5137C035DA02}.Release|x86.Build.0 = Release|Any CPU
		{5408E900-AA8A-4CFD-9789-E14A2B704EEA}.Debug|Any CPU.ActiveCfg = Debug|Any CPU
		{5408E900-AA8A-4CFD-9789-E14A2B704EEA}.Debug|Any CPU.Build.0 = Debug|Any CPU
		{5408E900-AA8A-4CFD-9789-E14A2B704EEA}.Debug|x64.ActiveCfg = Debug|Any CPU
		{5408E900-AA8A-4CFD-9789-E14A2B704EEA}.Debug|x64.Build.0 = Debug|Any CPU
		{5408E900-AA8A-4CFD-9789-E14A2B704EEA}.Debug|x86.ActiveCfg = Debug|Any CPU
		{5408E900-AA8A-4CFD-9789-E14A2B704EEA}.Debug|x86.Build.0 = Debug|Any CPU
		{5408E900-AA8A-4CFD-9789-E14A2B704EEA}.Release|Any CPU.ActiveCfg = Release|Any CPU
		{5408E900-AA8A-4CFD-9789-E14A2B704EEA}.Release|Any CPU.Build.0 = Release|Any CPU
		{5408E900-AA8A-4CFD-9789-E14A2B704EEA}.Release|x64.ActiveCfg = Release|Any CPU
		{5408E900-AA8A-4CFD-9789-E14A2B704EEA}.Release|x64.Build.0 = Release|Any CPU
		{5408E900-AA8A-4CFD-9789-E14A2B704EEA}.Release|x86.ActiveCfg = Release|Any CPU
		{5408E900-AA8A-4CFD-9789-E14A2B704EEA}.Release|x86.Build.0 = Release|Any CPU
		{2BD85B50-5B35-418D-BEB7-446AEDA139CE}.Debug|Any CPU.ActiveCfg = Debug|Any CPU
		{2BD85B50-5B35-418D-BEB7-446AEDA139CE}.Debug|Any CPU.Build.0 = Debug|Any CPU
		{2BD85B50-5B35-418D-BEB7-446AEDA139CE}.Debug|x64.ActiveCfg = Debug|Any CPU
		{2BD85B50-5B35-418D-BEB7-446AEDA139CE}.Debug|x64.Build.0 = Debug|Any CPU
		{2BD85B50-5B35-418D-BEB7-446AEDA139CE}.Debug|x86.ActiveCfg = Debug|Any CPU
		{2BD85B50-5B35-418D-BEB7-446AEDA139CE}.Debug|x86.Build.0 = Debug|Any CPU
		{2BD85B50-5B35-418D-BEB7-446AEDA139CE}.Release|Any CPU.ActiveCfg = Release|Any CPU
		{2BD85B50-5B35-418D-BEB7-446AEDA139CE}.Release|Any CPU.Build.0 = Release|Any CPU
		{2BD85B50-5B35-418D-BEB7-446AEDA139CE}.Release|x64.ActiveCfg = Release|Any CPU
		{2BD85B50-5B35-418D-BEB7-446AEDA139CE}.Release|x64.Build.0 = Release|Any CPU
		{2BD85B50-5B35-418D-BEB7-446AEDA139CE}.Release|x86.ActiveCfg = Release|Any CPU
		{2BD85B50-5B35-418D-BEB7-446AEDA139CE}.Release|x86.Build.0 = Release|Any CPU
		{9A4CF24D-A7E7-47FF-8B6F-6BD25C35A4A6}.Debug|Any CPU.ActiveCfg = Debug|Any CPU
		{9A4CF24D-A7E7-47FF-8B6F-6BD25C35A4A6}.Debug|Any CPU.Build.0 = Debug|Any CPU
		{9A4CF24D-A7E7-47FF-8B6F-6BD25C35A4A6}.Debug|x64.ActiveCfg = Debug|Any CPU
		{9A4CF24D-A7E7-47FF-8B6F-6BD25C35A4A6}.Debug|x64.Build.0 = Debug|Any CPU
		{9A4CF24D-A7E7-47FF-8B6F-6BD25C35A4A6}.Debug|x86.ActiveCfg = Debug|Any CPU
		{9A4CF24D-A7E7-47FF-8B6F-6BD25C35A4A6}.Debug|x86.Build.0 = Debug|Any CPU
		{9A4CF24D-A7E7-47FF-8B6F-6BD25C35A4A6}.Release|Any CPU.ActiveCfg = Release|Any CPU
		{9A4CF24D-A7E7-47FF-8B6F-6BD25C35A4A6}.Release|Any CPU.Build.0 = Release|Any CPU
		{9A4CF24D-A7E7-47FF-8B6F-6BD25C35A4A6}.Release|x64.ActiveCfg = Release|Any CPU
		{9A4CF24D-A7E7-47FF-8B6F-6BD25C35A4A6}.Release|x64.Build.0 = Release|Any CPU
		{9A4CF24D-A7E7-47FF-8B6F-6BD25C35A4A6}.Release|x86.ActiveCfg = Release|Any CPU
		{9A4CF24D-A7E7-47FF-8B6F-6BD25C35A4A6}.Release|x86.Build.0 = Release|Any CPU
		{CAC868F2-4F1C-4C3A-BD2D-2AAAD8BC0F26}.Debug|Any CPU.ActiveCfg = Debug|Any CPU
		{CAC868F2-4F1C-4C3A-BD2D-2AAAD8BC0F26}.Debug|Any CPU.Build.0 = Debug|Any CPU
		{CAC868F2-4F1C-4C3A-BD2D-2AAAD8BC0F26}.Debug|x64.ActiveCfg = Debug|Any CPU
		{CAC868F2-4F1C-4C3A-BD2D-2AAAD8BC0F26}.Debug|x64.Build.0 = Debug|Any CPU
		{CAC868F2-4F1C-4C3A-BD2D-2AAAD8BC0F26}.Debug|x86.ActiveCfg = Debug|Any CPU
		{CAC868F2-4F1C-4C3A-BD2D-2AAAD8BC0F26}.Debug|x86.Build.0 = Debug|Any CPU
		{CAC868F2-4F1C-4C3A-BD2D-2AAAD8BC0F26}.Release|Any CPU.ActiveCfg = Release|Any CPU
		{CAC868F2-4F1C-4C3A-BD2D-2AAAD8BC0F26}.Release|Any CPU.Build.0 = Release|Any CPU
		{CAC868F2-4F1C-4C3A-BD2D-2AAAD8BC0F26}.Release|x64.ActiveCfg = Release|Any CPU
		{CAC868F2-4F1C-4C3A-BD2D-2AAAD8BC0F26}.Release|x64.Build.0 = Release|Any CPU
		{CAC868F2-4F1C-4C3A-BD2D-2AAAD8BC0F26}.Release|x86.ActiveCfg = Release|Any CPU
		{CAC868F2-4F1C-4C3A-BD2D-2AAAD8BC0F26}.Release|x86.Build.0 = Release|Any CPU
	EndGlobalSection
	GlobalSection(NestedProjects) = preSolution
		{A68C0FE1-2B76-4F64-B7EB-1AD064860666} = {02AFB1D0-A4FF-4011-9B92-4C671A21349C}
		{5C640C0F-7269-4EAA-A4DD-102F6003A4A9} = {02AFB1D0-A4FF-4011-9B92-4C671A21349C}
		{09CBD317-428D-4F86-A08C-191E26F8FF6A} = {C8BCD27F-7FB5-4488-A616-F03F58B9BAB2}
		{D3B2C843-05D6-42DF-8096-D91F643DCDFD} = {C8BCD27F-7FB5-4488-A616-F03F58B9BAB2}
		{A0479C8D-FF40-4BC0-9414-0A99CDAE057D} = {C8BCD27F-7FB5-4488-A616-F03F58B9BAB2}
		{936C0BAD-1EED-4969-9ED8-5137C035DA02} = {C8BCD27F-7FB5-4488-A616-F03F58B9BAB2}
		{6B0BB9D1-BDF1-402F-A3DC-0C69F72BB83D} = {DA8108D4-1AFD-4C65-96B2-4745B44A432F}
		{5408E900-AA8A-4CFD-9789-E14A2B704EEA} = {6B0BB9D1-BDF1-402F-A3DC-0C69F72BB83D}
		{2BD85B50-5B35-418D-BEB7-446AEDA139CE} = {6B0BB9D1-BDF1-402F-A3DC-0C69F72BB83D}
		{7C895446-603F-4897-A490-6C6094BA17FD} = {DA8108D4-1AFD-4C65-96B2-4745B44A432F}
		{9A4CF24D-A7E7-47FF-8B6F-6BD25C35A4A6} = {7C895446-603F-4897-A490-6C6094BA17FD}
		{CAC868F2-4F1C-4C3A-BD2D-2AAAD8BC0F26} = {21FA240E-F2B1-4D44-8349-67257DADC068}
	EndGlobalSection
EndGlobal
